{
    "name": "Employee-Tracker",
    "lockfileVersion": 2,
    "requires": true,
    "packages": {
      "": {
        "dependencies": {
          "console.table": "0.10.0",
          "dotenv": "10.0.0",
          "inquirer": "^8.2.0",
          "mysql2": "^2.3.3",
          "sequelize": "^6.12.0"
        }
      },
      "node_modules/@types/debug": {
        "version": "4.1.7",
        "resolved": "https://registry.npmjs.org/@types/debug/-/debug-4.1.7.tgz",
        "integrity": "sha512-9AonUzyTjXXhEOa0DnqpzZi6VHlqKMswga9EXjpXnnqxwLtdvPPtlO8evrI5D9S6asFRCQ6v+wpiUKbw+vKqyg==",
        "dependencies": {
          "@types/ms": "*"
        }
      },
      "node_modules/@types/ms": {
        "version": "0.7.31",
        "resolved": "https://registry.npmjs.org/@types/ms/-/ms-0.7.31.tgz",
        "integrity": "sha512-iiUgKzV9AuaEkZqkOLDIvlQiL6ltuZd9tGcW3gwpnX8JbuiuhFlEGmmFXEXkN50Cvq7Os88IY2v0dkDqXYWVgA=="
      },
      "node_modules/@types/node": {
        "version": "17.0.0",
        "resolved": "https://registry.npmjs.org/@types/node/-/node-17.0.0.tgz",
        "integrity": "sha512-eMhwJXc931Ihh4tkU+Y7GiLzT/y/DBNpNtr4yU9O2w3SYBsr9NaOPhQlLKRmoWtI54uNwuo0IOUFQjVOTZYRvw=="
      },
      "node_modules/ansi-escapes": {
        "version": "4.3.2",
        "resolved": "https://registry.npmjs.org/ansi-escapes/-/ansi-escapes-4.3.2.tgz",
        "integrity": "sha512-gKXj5ALrKWQLsYG9jlTRmR/xKluxHV+Z9QEwNIgCfM1/uwPMCuzVVnh5mwTd+OuBZcwSIMbqssNWRm1lE51QaQ==",
        "dependencies": {
          "type-fest": "^0.21.3"
        },
        "engines": {
          "node": ">=8"
        },
        "funding": {
          "url": "https://github.com/sponsors/sindresorhus"
        }
      },
      "node_modules/ansi-regex": {
        "version": "5.0.1",
        "resolved": "https://registry.npmjs.org/ansi-regex/-/ansi-regex-5.0.1.tgz",
        "integrity": "sha512-quJQXlTSUGL2LH9SUXo8VwsY4soanhgo6LNSm84E1LBcE8s3O0wpdiRzyR9z/ZZJMlMWv37qOOb9pdJlMUEKFQ==",
        "engines": {
          "node": ">=8"
        }